
Microsoft Visual Studio Solution File, Format Version 12.00
# Visual Studio Version 17
VisualStudioVersion = 17.7.34031.279
MinimumVisualStudioVersion = 10.0.40219.1
Project("{8BC9CEB8-8B4A-11D0-8D11-00A0C91BC942}") = "alevel-project-prototype", "alevel-project-prototype.vcxproj", "{24E38016-9A9B-44EC-992C-EFD76C232EC6}"
EndProject
Global
	GlobalSection(SolutionConfigurationPlatforms) = preSolution
		Debug|x64 = Debug|x64
		Debug|x86 = Debug|x86
		Release|x64 = Release|x64
		Release|x86 = Release|x86
	EndGlobalSection
	GlobalSection(ProjectConfigurationPlatforms) = postSolution
		{24E38016-9A9B-44EC-992C-EFD76C232EC6}.Debug|x64.ActiveCfg = Debug|x64
		{24E38016-9A9B-44EC-992C-EFD76C232EC6}.Debug|x64.Build.0 = Debug|x64
		{24E38016-9A9B-44EC-992C-EFD76C232EC6}.Debug|x86.ActiveCfg = Debug|Win32
		{24E38016-9A9B-44EC-992C-EFD76C232EC6}.Debug|x86.Build.0 = Debug|Win32
		{24E38016-9A9B-44EC-992C-EFD76C232EC6}.Release|x64.ActiveCfg = Release|x64
		{24E38016-9A9B-44EC-992C-EFD76C232EC6}.Release|x64.Build.0 = Release|x64
		{24E38016-9A9B-44EC-992C-EFD76C232EC6}.Release|x86.ActiveCfg = Release|Win32
		{24E38016-9A9B-44EC-992C-EFD76C232EC6}.Release|x86.Build.0 = Release|Win32
	EndGlobalSection
	GlobalSection(SolutionProperties) = preSolution
		HideSolutionNode = FALSE
	EndGlobalSection
	GlobalSection(ExtensibilityGlobals) = postSolution
		SolutionGuid = {00E4ADCB-1E89-48DA-A847-D472AE75B577}
	EndGlobalSection
EndGlobal
